
Microsoft Visual Studio Solution File, Format Version 12.00
# Visual Studio Version 17
VisualStudioVersion = 17.3.32825.248
MinimumVisualStudioVersion = 10.0.40219.1
Project("{FAE04EC0-301F-11D3-BF4B-00C04F79EFBC}") = "AppRifasDemo", "AppRifasDemo\AppRifasDemo.csproj", "{BAA309F2-AE5B-4E26-B9D2-4133217D0B7C}"
EndProject
Global
	GlobalSection(SolutionConfigurationPlatforms) = preSolution
		Debug|Any CPU = Debug|Any CPU
		Release|Any CPU = Release|Any CPU
	EndGlobalSection
	GlobalSection(ProjectConfigurationPlatforms) = postSolution
		{BAA309F2-AE5B-4E26-B9D2-4133217D0B7C}.Debug|Any CPU.ActiveCfg = Debug|Any CPU
		{BAA309F2-AE5B-4E26-B9D2-4133217D0B7C}.Debug|Any CPU.Build.0 = Debug|Any CPU
		{BAA309F2-AE5B-4E26-B9D2-4133217D0B7C}.Release|Any CPU.ActiveCfg = Release|Any CPU
		{BAA309F2-AE5B-4E26-B9D2-4133217D0B7C}.Release|Any CPU.Build.0 = Release|Any CPU
	EndGlobalSection
	GlobalSection(SolutionProperties) = preSolution
		HideSolutionNode = FALSE
	EndGlobalSection
	GlobalSection(ExtensibilityGlobals) = postSolution
		SolutionGuid = {9BE39D62-5862-4197-AA1C-6C6A04DF3E49}
	EndGlobalSection
EndGlobal
